
Microsoft Visual Studio Solution File, Format Version 12.00
# Visual Studio Version 16
VisualStudioVersion = 16.0.810.8
MinimumVisualStudioVersion = 10.0.40219.1
Project("{FAE04EC0-301F-11D3-BF4B-00C04F79EFBC}") = "Dapper_CRUD", "Dapper_CRUD\Dapper_CRUD.csproj", "{5C9C4EA9-A32D-4038-8B7B-13B87D3EA1BD}"
EndProject
Project("{FAE04EC0-301F-11D3-BF4B-00C04F79EFBC}") = "TaskManagementApp.Core", "TaskManagementApp.Core\TaskManagementApp.Core.csproj", "{2AF040FB-0C6C-44A8-BCF9-95A9EC302BA2}"
EndProject
Project("{FAE04EC0-301F-11D3-BF4B-00C04F79EFBC}") = "TaskManagementApp.Application", "TaskManagementApp.Application\TaskManagementApp.Application.csproj", "{91814491-914B-42F8-AC11-F5E2FCF1AD68}"
EndProject
Global
	GlobalSection(SolutionConfigurationPlatforms) = preSolution
		Debug|Any CPU = Debug|Any CPU
		Release|Any CPU = Release|Any CPU
	EndGlobalSection
	GlobalSection(ProjectConfigurationPlatforms) = postSolution
		{5C9C4EA9-A32D-4038-8B7B-13B87D3EA1BD}.Debug|Any CPU.ActiveCfg = Debug|Any CPU
		{5C9C4EA9-A32D-4038-8B7B-13B87D3EA1BD}.Debug|Any CPU.Build.0 = Debug|Any CPU
		{5C9C4EA9-A32D-4038-8B7B-13B87D3EA1BD}.Release|Any CPU.ActiveCfg = Release|Any CPU
		{5C9C4EA9-A32D-4038-8B7B-13B87D3EA1BD}.Release|Any CPU.Build.0 = Release|Any CPU
		{2AF040FB-0C6C-44A8-BCF9-95A9EC302BA2}.Debug|Any CPU.ActiveCfg = Debug|Any CPU
		{2AF040FB-0C6C-44A8-BCF9-95A9EC302BA2}.Debug|Any CPU.Build.0 = Debug|Any CPU
		{2AF040FB-0C6C-44A8-BCF9-95A9EC302BA2}.Release|Any CPU.ActiveCfg = Release|Any CPU
		{2AF040FB-0C6C-44A8-BCF9-95A9EC302BA2}.Release|Any CPU.Build.0 = Release|Any CPU
		{91814491-914B-42F8-AC11-F5E2FCF1AD68}.Debug|Any CPU.ActiveCfg = Debug|Any CPU
		{91814491-914B-42F8-AC11-F5E2FCF1AD68}.Debug|Any CPU.Build.0 = Debug|Any CPU
		{91814491-914B-42F8-AC11-F5E2FCF1AD68}.Release|Any CPU.ActiveCfg = Release|Any CPU
		{91814491-914B-42F8-AC11-F5E2FCF1AD68}.Release|Any CPU.Build.0 = Release|Any CPU
	EndGlobalSection
	GlobalSection(SolutionProperties) = preSolution
		HideSolutionNode = FALSE
	EndGlobalSection
	GlobalSection(ExtensibilityGlobals) = postSolution
		SolutionGuid = {BA057DB1-D9DA-44E7-BE81-5E41DAF83AB4}
	EndGlobalSection
EndGlobal
